
Microsoft Visual Studio Solution File, Format Version 12.00
# Visual Studio 15
VisualStudioVersion = 15.0.28307.852
MinimumVisualStudioVersion = 10.0.40219.1
Project("{FAE04EC0-301F-11D3-BF4B-00C04F79EFBC}") = "UdpbrodcastTest", "UdpbrodcastTest\UdpbrodcastTest.csproj", "{D1E6AA46-C0CB-4BE0-BEAB-B44DD255D921}"
EndProject
Project("{FAE04EC0-301F-11D3-BF4B-00C04F79EFBC}") = "TestNet4Log", "UDPConfigTest\TestNet4Log.csproj", "{8A22B520-49F9-42A8-9C2C-B34581BACAFF}"
EndProject
Global
	GlobalSection(SolutionConfigurationPlatforms) = preSolution
		Debug|Any CPU = Debug|Any CPU
		Release|Any CPU = Release|Any CPU
		Debug|anycpu = Debug|anycpu
		Release|anycpu = Release|anycpu
	EndGlobalSection
	GlobalSection(ProjectConfigurationPlatforms) = postSolution
		{D1E6AA46-C0CB-4BE0-BEAB-B44DD255D921}.Debug|Any CPU.ActiveCfg = Debug|Any CPU
		{D1E6AA46-C0CB-4BE0-BEAB-B44DD255D921}.Debug|Any CPU.Build.0 = Debug|Any CPU
		{D1E6AA46-C0CB-4BE0-BEAB-B44DD255D921}.Release|Any CPU.ActiveCfg = Release|Any CPU
		{D1E6AA46-C0CB-4BE0-BEAB-B44DD255D921}.Release|Any CPU.Build.0 = Release|Any CPU
		{D1E6AA46-C0CB-4BE0-BEAB-B44DD255D921}.Debug|anycpu.ActiveCfg = Debug|Any CPU
		{D1E6AA46-C0CB-4BE0-BEAB-B44DD255D921}.Debug|anycpu.Build.0 = Debug|Any CPU
		{D1E6AA46-C0CB-4BE0-BEAB-B44DD255D921}.Release|anycpu.ActiveCfg = Release|Any CPU
		{D1E6AA46-C0CB-4BE0-BEAB-B44DD255D921}.Release|anycpu.Build.0 = Release|Any CPU
		{8A22B520-49F9-42A8-9C2C-B34581BACAFF}.Debug|Any CPU.ActiveCfg = Debug|anycpu
		{8A22B520-49F9-42A8-9C2C-B34581BACAFF}.Debug|Any CPU.Build.0 = Debug|anycpu
		{8A22B520-49F9-42A8-9C2C-B34581BACAFF}.Release|Any CPU.ActiveCfg = Release|anycpu
		{8A22B520-49F9-42A8-9C2C-B34581BACAFF}.Release|Any CPU.Build.0 = Release|anycpu
		{8A22B520-49F9-42A8-9C2C-B34581BACAFF}.Debug|anycpu.ActiveCfg = Debug|anycpu
		{8A22B520-49F9-42A8-9C2C-B34581BACAFF}.Debug|anycpu.Build.0 = Debug|anycpu
		{8A22B520-49F9-42A8-9C2C-B34581BACAFF}.Release|anycpu.ActiveCfg = Release|anycpu
		{8A22B520-49F9-42A8-9C2C-B34581BACAFF}.Release|anycpu.Build.0 = Release|anycpu
	EndGlobalSection
	GlobalSection(SolutionProperties) = preSolution
		HideSolutionNode = FALSE
	EndGlobalSection
	GlobalSection(ExtensibilityGlobals) = postSolution
		SolutionGuid = {BC08FC5C-C241-4951-9AE5-F6DF1E8F968D}
	EndGlobalSection
EndGlobal
